// !$*UTF8*$!
{
	archiveVersion = 1;
	classes = {
	};
	objectVersion = 55;
	objects = {

/* Begin PBXBuildFile section */
		DF67CC0129927B0300BAF87F /* SampleApp.swift in Sources */ = {isa = PBXBuildFile; fileRef = DF67CC0029927B0300BAF87F /* SampleApp.swift */; };
		DF67CC0329927B0300BAF87F /* ContentView.swift in Sources */ = {isa = PBXBuildFile; fileRef = DF67CC0229927B0300BAF87F /* ContentView.swift */; };
		DF67CC0529927B0500BAF87F /* Assets.xcassets in Resources */ = {isa = PBXBuildFile; fileRef = DF67CC0429927B0500BAF87F /* Assets.xcassets */; };
		DF67CC0829927B0500BAF87F /* Preview Assets.xcassets in Resources */ = {isa = PBXBuildFile; fileRef = DF67CC0729927B0500BAF87F /* Preview Assets.xcassets */; };
		DF67CC1229927B0600BAF87F /* SampleTests.swift in Sources */ = {isa = PBXBuildFile; fileRef = DF67CC1129927B0600BAF87F /* SampleTests.swift */; };
		DF67CC1C29927B0600BAF87F /* SampleUITests.swift in Sources */ = {isa = PBXBuildFile; fileRef = DF67CC1B29927B0600BAF87F /* SampleUITests.swift */; };
		DF67CC1E29927B0600BAF87F /* SampleUITestsLaunchTests.swift in Sources */ = {isa = PBXBuildFile; fileRef = DF67CC1D29927B0600BAF87F /* SampleUITestsLaunchTests.swift */; };
		DFDDAB31299B803A00727897 /* KnifeView.swift in Sources */ = {isa = PBXBuildFile; fileRef = DFDDAB30299B803A00727897 /* KnifeView.swift */; };
		DFDDAB33299B805A00727897 /* BallView.swift in Sources */ = {isa = PBXBuildFile; fileRef = DFDDAB32299B805A00727897 /* BallView.swift */; };
		DFDDAB35299B807C00727897 /* PillarView.swift in Sources */ = {isa = PBXBuildFile; fileRef = DFDDAB34299B807C00727897 /* PillarView.swift */; };
/* End PBXBuildFile section */

/* Begin PBXContainerItemProxy section */
		DF67CC0E29927B0600BAF87F /* PBXContainerItemProxy */ = {
			isa = PBXContainerItemProxy;
			containerPortal = DF67CBF529927B0300BAF87F /* Project object */;
			proxyType = 1;
			remoteGlobalIDString = DF67CBFC29927B0300BAF87F;
			remoteInfo = Sample;
		};
		DF67CC1829927B0600BAF87F /* PBXContainerItemProxy */ = {
			isa = PBXContainerItemProxy;
			containerPortal = DF67CBF529927B0300BAF87F /* Project object */;
			proxyType = 1;
			remoteGlobalIDString = DF67CBFC29927B0300BAF87F;
			remoteInfo = Sample;
		};
/* End PBXContainerItemProxy section */

/* Begin PBXFileReference section */
		DF67CBFD29927B0300BAF87F /* Sample.app */ = {isa = PBXFileReference; explicitFileType = wrapper.application; includeInIndex = 0; path = Sample.app; sourceTree = BUILT_PRODUCTS_DIR; };
		DF67CC0029927B0300BAF87F /* SampleApp.swift */ = {isa = PBXFileReference; lastKnownFileType = sourcecode.swift; path = SampleApp.swift; sourceTree = "<group>"; };
		DF67CC0229927B0300BAF87F /* ContentView.swift */ = {isa = PBXFileReference; lastKnownFileType = sourcecode.swift; path = ContentView.swift; sourceTree = "<group>"; };
		DF67CC0429927B0500BAF87F /* Assets.xcassets */ = {isa = PBXFileReference; lastKnownFileType = folder.assetcatalog; path = Assets.xcassets; sourceTree = "<group>"; };
		DF67CC0729927B0500BAF87F /* Preview Assets.xcassets */ = {isa = PBXFileReference; lastKnownFileType = folder.assetcatalog; path = "Preview Assets.xcassets"; sourceTree = "<group>"; };
		DF67CC0D29927B0600BAF87F /* SampleTests.xctest */ = {isa = PBXFileReference; explicitFileType = wrapper.cfbundle; includeInIndex = 0; path = SampleTests.xctest; sourceTree = BUILT_PRODUCTS_DIR; };
		DF67CC1129927B0600BAF87F /* SampleTests.swift */ = {isa = PBXFileReference; lastKnownFileType = sourcecode.swift; path = SampleTests.swift; sourceTree = "<group>"; };
		DF67CC1729927B0600BAF87F /* SampleUITests.xctest */ = {isa = PBXFileReference; explicitFileType = wrapper.cfbundle; includeInIndex = 0; path = SampleUITests.xctest; sourceTree = BUILT_PRODUCTS_DIR; };
		DF67CC1B29927B0600BAF87F /* SampleUITests.swift */ = {isa = PBXFileReference; lastKnownFileType = sourcecode.swift; path = SampleUITests.swift; sourceTree = "<group>"; };
		DF67CC1D29927B0600BAF87F /* SampleUITestsLaunchTests.swift */ = {isa = PBXFileReference; lastKnownFileType = sourcecode.swift; path = SampleUITestsLaunchTests.swift; sourceTree = "<group>"; };
		DFDDAB30299B803A00727897 /* KnifeView.swift */ = {isa = PBXFileReference; lastKnownFileType = sourcecode.swift; path = KnifeView.swift; sourceTree = "<group>"; };
		DFDDAB32299B805A00727897 /* BallView.swift */ = {isa = PBXFileReference; lastKnownFileType = sourcecode.swift; path = BallView.swift; sourceTree = "<group>"; };
		DFDDAB34299B807C00727897 /* PillarView.swift */ = {isa = PBXFileReference; lastKnownFileType = sourcecode.swift; path = PillarView.swift; sourceTree = "<group>"; };
/* End PBXFileReference section */

/* Begin PBXFrameworksBuildPhase section */
		DF67CBFA29927B0300BAF87F /* Frameworks */ = {
			isa = PBXFrameworksBuildPhase;
			buildActionMask = 2147483647;
			files = (
			);
			runOnlyForDeploymentPostprocessing = 0;
		};
		DF67CC0A29927B0600BAF87F /* Frameworks */ = {
			isa = PBXFrameworksBuildPhase;
			buildActionMask = 2147483647;
			files = (
			);
			runOnlyForDeploymentPostprocessing = 0;
		};
		DF67CC1429927B0600BAF87F /* Frameworks */ = {
			isa = PBXFrameworksBuildPhase;
			buildActionMask = 2147483647;
			files = (
			);
			runOnlyForDeploymentPostprocessing = 0;
		};
/* End PBXFrameworksBuildPhase section */

/* Begin PBXGroup section */
		DF67CBF429927B0300BAF87F = {
			isa = PBXGroup;
			children = (
				DF67CBFF29927B0300BAF87F /* Sample */,
				DF67CC1029927B0600BAF87F /* SampleTests */,
				DF67CC1A29927B0600BAF87F /* SampleUITests */,
				DF67CBFE29927B0300BAF87F /* Products */,
			);
			sourceTree = "<group>";
		};
		DF67CBFE29927B0300BAF87F /* Products */ = {
			isa = PBXGroup;
			children = (
				DF67CBFD29927B0300BAF87F /* Sample.app */,
				DF67CC0D29927B0600BAF87F /* SampleTests.xctest */,
				DF67CC1729927B0600BAF87F /* SampleUITests.xctest */,
			);
			name = Products;
			sourceTree = "<group>";
		};
		DF67CBFF29927B0300BAF87F /* Sample */ = {
			isa = PBXGroup;
			children = (
				DFDDAB2F299B7FD800727897 /* Model */,
				DFDDAB2E299B7FCD00727897 /* View */,
				DFDDAB2D299B7FC300727897 /* Controller */,
				DF67CC0029927B0300BAF87F /* SampleApp.swift */,
				DF67CC0429927B0500BAF87F /* Assets.xcassets */,
				DF67CC0629927B0500BAF87F /* Preview Content */,
			);
			path = Sample;
			sourceTree = "<group>";
		};
		DF67CC0629927B0500BAF87F /* Preview Content */ = {
			isa = PBXGroup;
			children = (
				DF67CC0729927B0500BAF87F /* Preview Assets.xcassets */,
			);
			path = "Preview Content";
			sourceTree = "<group>";
		};
		DF67CC1029927B0600BAF87F /* SampleTests */ = {
			isa = PBXGroup;
			children = (
				DF67CC1129927B0600BAF87F /* SampleTests.swift */,
			);
			path = SampleTests;
			sourceTree = "<group>";
		};
		DF67CC1A29927B0600BAF87F /* SampleUITests */ = {
			isa = PBXGroup;
			children = (
				DF67CC1B29927B0600BAF87F /* SampleUITests.swift */,
				DF67CC1D29927B0600BAF87F /* SampleUITestsLaunchTests.swift */,
			);
			path = SampleUITests;
			sourceTree = "<group>";
		};
		DFDDAB2D299B7FC300727897 /* Controller */ = {
			isa = PBXGroup;
			children = (
			);
			path = Controller;
			sourceTree = "<group>";
		};
		DFDDAB2E299B7FCD00727897 /* View */ = {
			isa = PBXGroup;
			children = (
				DF67CC0229927B0300BAF87F /* ContentView.swift */,
				DFDDAB30299B803A00727897 /* KnifeView.swift */,
				DFDDAB32299B805A00727897 /* BallView.swift */,
				DFDDAB34299B807C00727897 /* PillarView.swift */,
			);
			path = View;
			sourceTree = "<group>";
		};
		DFDDAB2F299B7FD800727897 /* Model */ = {
			isa = PBXGroup;
			children = (
			);
			path = Model;
			sourceTree = "<group>";
		};
/* End PBXGroup section */

/* Begin PBXNativeTarget section */
		DF67CBFC29927B0300BAF87F /* Sample */ = {
			isa = PBXNativeTarget;
			buildConfigurationList = DF67CC2129927B0600BAF87F /* Build configuration list for PBXNativeTarget "Sample" */;
			buildPhases = (
				DF67CBF929927B0300BAF87F /* Sources */,
				DF67CBFA29927B0300BAF87F /* Frameworks */,
				DF67CBFB29927B0300BAF87F /* Resources */,
			);
			buildRules = (
			);
			dependencies = (
			);
			name = Sample;
			productName = Sample;
			productReference = DF67CBFD29927B0300BAF87F /* Sample.app */;
			productType = "com.apple.product-type.application";
		};
		DF67CC0C29927B0600BAF87F /* SampleTests */ = {
			isa = PBXNativeTarget;
			buildConfigurationList = DF67CC2429927B0600BAF87F /* Build configuration list for PBXNativeTarget "SampleTests" */;
			buildPhases = (
				DF67CC0929927B0600BAF87F /* Sources */,
				DF67CC0A29927B0600BAF87F /* Frameworks */,
				DF67CC0B29927B0600BAF87F /* Resources */,
			);
			buildRules = (
			);
			dependencies = (
				DF67CC0F29927B0600BAF87F /* PBXTargetDependency */,
			);
			name = SampleTests;
			productName = SampleTests;
			productReference = DF67CC0D29927B0600BAF87F /* SampleTests.xctest */;
			productType = "com.apple.product-type.bundle.unit-test";
		};
		DF67CC1629927B0600BAF87F /* SampleUITests */ = {
			isa = PBXNativeTarget;
			buildConfigurationList = DF67CC2729927B0600BAF87F /* Build configuration list for PBXNativeTarget "SampleUITests" */;
			buildPhases = (
				DF67CC1329927B0600BAF87F /* Sources */,
				DF67CC1429927B0600BAF87F /* Frameworks */,
				DF67CC1529927B0600BAF87F /* Resources */,
			);
			buildRules = (
			);
			dependencies = (
				DF67CC1929927B0600BAF87F /* PBXTargetDependency */,
			);
			name = SampleUITests;
			productName = SampleUITests;
			productReference = DF67CC1729927B0600BAF87F /* SampleUITests.xctest */;
			productType = "com.apple.product-type.bundle.ui-testing";
		};
/* End PBXNativeTarget section */

/* Begin PBXProject section */
		DF67CBF529927B0300BAF87F /* Project object */ = {
			isa = PBXProject;
			attributes = {
				BuildIndependentTargetsInParallel = 1;
				LastSwiftUpdateCheck = 1340;
				LastUpgradeCheck = 1340;
				TargetAttributes = {
					DF67CBFC29927B0300BAF87F = {
						CreatedOnToolsVersion = 13.4.1;
					};
					DF67CC0C29927B0600BAF87F = {
						CreatedOnToolsVersion = 13.4.1;
						TestTargetID = DF67CBFC29927B0300BAF87F;
					};
					DF67CC1629927B0600BAF87F = {
						CreatedOnToolsVersion = 13.4.1;
						TestTargetID = DF67CBFC29927B0300BAF87F;
					};
				};
			};
			buildConfigurationList = DF67CBF829927B0300BAF87F /* Build configuration list for PBXProject "Sample" */;
			compatibilityVersion = "Xcode 13.0";
			developmentRegion = en;
			hasScannedForEncodings = 0;
			knownRegions = (
				en,
				Base,
			);
			mainGroup = DF67CBF429927B0300BAF87F;
			productRefGroup = DF67CBFE29927B0300BAF87F /* Products */;
			projectDirPath = "";
			projectRoot = "";
			targets = (
				DF67CBFC29927B0300BAF87F /* Sample */,
				DF67CC0C29927B0600BAF87F /* SampleTests */,
				DF67CC1629927B0600BAF87F /* SampleUITests */,
			);
		};
/* End PBXProject section */

/* Begin PBXResourcesBuildPhase section */
		DF67CBFB29927B0300BAF87F /* Resources */ = {
			isa = PBXResourcesBuildPhase;
			buildActionMask = 2147483647;
			files = (
				DF67CC0829927B0500BAF87F /* Preview Assets.xcassets in Resources */,
				DF67CC0529927B0500BAF87F /* Assets.xcassets in Resources */,
			);
			runOnlyForDeploymentPostprocessing = 0;
		};
		DF67CC0B29927B0600BAF87F /* Resources */ = {
			isa = PBXResourcesBuildPhase;
			buildActionMask = 2147483647;
			files = (
			);
			runOnlyForDeploymentPostprocessing = 0;
		};
		DF67CC1529927B0600BAF87F /* Resources */ = {
			isa = PBXResourcesBuildPhase;
			buildActionMask = 2147483647;
			files = (
			);
			runOnlyForDeploymentPostprocessing = 0;
		};
/* End PBXResourcesBuildPhase section */

/* Begin PBXSourcesBuildPhase section */
		DF67CBF929927B0300BAF87F /* Sources */ = {
			isa = PBXSourcesBuildPhase;
			buildActionMask = 2147483647;
			files = (
				DFDDAB31299B803A00727897 /* KnifeView.swift in Sources */,
				DF67CC0329927B0300BAF87F /* ContentView.swift in Sources */,
				DF67CC0129927B0300BAF87F /* SampleApp.swift in Sources */,
				DFDDAB33299B805A00727897 /* BallView.swift in Sources */,
				DFDDAB35299B807C00727897 /* PillarView.swift in Sources */,
			);
			runOnlyForDeploymentPostprocessing = 0;
		};
		DF67CC0929927B0600BAF87F /* Sources */ = {
			isa = PBXSourcesBuildPhase;
			buildActionMask = 2147483647;
			files = (
				DF67CC1229927B0600BAF87F /* SampleTests.swift in Sources */,
			);
			runOnlyForDeploymentPostprocessing = 0;
		};
		DF67CC1329927B0600BAF87F /* Sources */ = {
			isa = PBXSourcesBuildPhase;
			buildActionMask = 2147483647;
			files = (
				DF67CC1E29927B0600BAF87F /* SampleUITestsLaunchTests.swift in Sources */,
				DF67CC1C29927B0600BAF87F /* SampleUITests.swift in Sources */,
			);
			runOnlyForDeploymentPostprocessing = 0;
		};
/* End PBXSourcesBuildPhase section */

/* Begin PBXTargetDependency section */
		DF67CC0F29927B0600BAF87F /* PBXTargetDependency */ = {
			isa = PBXTargetDependency;
			target = DF67CBFC29927B0300BAF87F /* Sample */;
			targetProxy = DF67CC0E29927B0600BAF87F /* PBXContainerItemProxy */;
		};
		DF67CC1929927B0600BAF87F /* PBXTargetDependency */ = {
			isa = PBXTargetDependency;
			target = DF67CBFC29927B0300BAF87F /* Sample */;
			targetProxy = DF67CC1829927B0600BAF87F /* PBXContainerItemProxy */;
		};
/* End PBXTargetDependency section */

/* Begin XCBuildConfiguration section */
		DF67CC1F29927B0600BAF87F /* Debug */ = {
			isa = XCBuildConfiguration;
			buildSettings = {
				ALWAYS_SEARCH_USER_PATHS = NO;
				CLANG_ANALYZER_NONNULL = YES;
				CLANG_ANALYZER_NUMBER_OBJECT_CONVERSION = YES_AGGRESSIVE;
				CLANG_CXX_LANGUAGE_STANDARD = "gnu++17";
				CLANG_ENABLE_MODULES = YES;
				CLANG_ENABLE_OBJC_ARC = YES;
				CLANG_ENABLE_OBJC_WEAK = YES;
				CLANG_WARN_BLOCK_CAPTURE_AUTORELEASING = YES;
				CLANG_WARN_BOOL_CONVERSION = YES;
				CLANG_WARN_COMMA = YES;
				CLANG_WARN_CONSTANT_CONVERSION = YES;
				CLANG_WARN_DEPRECATED_OBJC_IMPLEMENTATIONS = YES;
				CLANG_WARN_DIRECT_OBJC_ISA_USAGE = YES_ERROR;
				CLANG_WARN_DOCUMENTATION_COMMENTS = YES;
				CLANG_WARN_EMPTY_BODY = YES;
				CLANG_WARN_ENUM_CONVERSION = YES;
				CLANG_WARN_INFINITE_RECURSION = YES;
				CLANG_WARN_INT_CONVERSION = YES;
				CLANG_WARN_NON_LITERAL_NULL_CONVERSION = YES;
				CLANG_WARN_OBJC_IMPLICIT_RETAIN_SELF = YES;
				CLANG_WARN_OBJC_LITERAL_CONVERSION = YES;
				CLANG_WARN_OBJC_ROOT_CLASS = YES_ERROR;
				CLANG_WARN_QUOTED_INCLUDE_IN_FRAMEWORK_HEADER = YES;
				CLANG_WARN_RANGE_LOOP_ANALYSIS = YES;
				CLANG_WARN_STRICT_PROTOTYPES = YES;
				CLANG_WARN_SUSPICIOUS_MOVE = YES;
				CLANG_WARN_UNGUARDED_AVAILABILITY = YES_AGGRESSIVE;
				CLANG_WARN_UNREACHABLE_CODE = YES;
				CLANG_WARN__DUPLICATE_METHOD_MATCH = YES;
				COPY_PHASE_STRIP = NO;
				DEBUG_INFORMATION_FORMAT = dwarf;
				ENABLE_STRICT_OBJC_MSGSEND = YES;
				ENABLE_TESTABILITY = YES;
				GCC_C_LANGUAGE_STANDARD = gnu11;
				GCC_DYNAMIC_NO_PIC = NO;
				GCC_NO_COMMON_BLOCKS = YES;
				GCC_OPTIMIZATION_LEVEL = 0;
				GCC_PREPROCESSOR_DEFINITIONS = (
					"DEBUG=1",
					"$(inherited)",
				);
				GCC_WARN_64_TO_32_BIT_CONVERSION = YES;
				GCC_WARN_ABOUT_RETURN_TYPE = YES_ERROR;
				GCC_WARN_UNDECLARED_SELECTOR = YES;
				GCC_WARN_UNINITIALIZED_AUTOS = YES_AGGRESSIVE;
				GCC_WARN_UNUSED_FUNCTION = YES;
				GCC_WARN_UNUSED_VARIABLE = YES;
				IPHONEOS_DEPLOYMENT_TARGET = 15.5;
				MTL_ENABLE_DEBUG_INFO = INCLUDE_SOURCE;
				MTL_FAST_MATH = YES;
				ONLY_ACTIVE_ARCH = YES;
				SDKROOT = iphoneos;
				SWIFT_ACTIVE_COMPILATION_CONDITIONS = DEBUG;
				SWIFT_OPTIMIZATION_LEVEL = "-Onone";
			};
			name = Debug;
		};
		DF67CC2029927B0600BAF87F /* Release */ = {
			isa = XCBuildConfiguration;
			buildSettings = {
				ALWAYS_SEARCH_USER_PATHS = NO;
				CLANG_ANALYZER_NONNULL = YES;
				CLANG_ANALYZER_NUMBER_OBJECT_CONVERSION = YES_AGGRESSIVE;
				CLANG_CXX_LANGUAGE_STANDARD = "gnu++17";
				CLANG_ENABLE_MODULES = YES;
				CLANG_ENABLE_OBJC_ARC = YES;
				CLANG_ENABLE_OBJC_WEAK = YES;
				CLANG_WARN_BLOCK_CAPTURE_AUTORELEASING = YES;
				CLANG_WARN_BOOL_CONVERSION = YES;
				CLANG_WARN_COMMA = YES;
				CLANG_WARN_CONSTANT_CONVERSION = YES;
				CLANG_WARN_DEPRECATED_OBJC_IMPLEMENTATIONS = YES;
				CLANG_WARN_DIRECT_OBJC_ISA_USAGE = YES_ERROR;
				CLANG_WARN_DOCUMENTATION_COMMENTS = YES;
				CLANG_WARN_EMPTY_BODY = YES;
				CLANG_WARN_ENUM_CONVERSION = YES;
				CLANG_WARN_INFINITE_RECURSION = YES;
				CLANG_WARN_INT_CONVERSION = YES;
				CLANG_WARN_NON_LITERAL_NULL_CONVERSION = YES;
				CLANG_WARN_OBJC_IMPLICIT_RETAIN_SELF = YES;
				CLANG_WARN_OBJC_LITERAL_CONVERSION = YES;
				CLANG_WARN_OBJC_ROOT_CLASS = YES_ERROR;
				CLANG_WARN_QUOTED_INCLUDE_IN_FRAMEWORK_HEADER = YES;
				CLANG_WARN_RANGE_LOOP_ANALYSIS = YES;
				CLANG_WARN_STRICT_PROTOTYPES = YES;
				CLANG_WARN_SUSPICIOUS_MOVE = YES;
				CLANG_WARN_UNGUARDED_AVAILABILITY = YES_AGGRESSIVE;
				CLANG_WARN_UNREACHABLE_CODE = YES;
				CLANG_WARN__DUPLICATE_METHOD_MATCH = YES;
				COPY_PHASE_STRIP = NO;
				DEBUG_INFORMATION_FORMAT = "dwarf-with-dsym";
				ENABLE_NS_ASSERTIONS = NO;
				ENABLE_STRICT_OBJC_MSGSEND = YES;
				GCC_C_LANGUAGE_STANDARD = gnu11;
				GCC_NO_COMMON_BLOCKS = YES;
				GCC_WARN_64_TO_32_BIT_CONVERSION = YES;
				GCC_WARN_ABOUT_RETURN_TYPE = YES_ERROR;
				GCC_WARN_UNDECLARED_SELECTOR = YES;
				GCC_WARN_UNINITIALIZED_AUTOS = YES_AGGRESSIVE;
				GCC_WARN_UNUSED_FUNCTION = YES;
				GCC_WARN_UNUSED_VARIABLE = YES;
				IPHONEOS_DEPLOYMENT_TARGET = 15.5;
				MTL_ENABLE_DEBUG_INFO = NO;
				MTL_FAST_MATH = YES;
				SDKROOT = iphoneos;
				SWIFT_COMPILATION_MODE = wholemodule;
				SWIFT_OPTIMIZATION_LEVEL = "-O";
				VALIDATE_PRODUCT = YES;
			};
			name = Release;
		};
		DF67CC2229927B0600BAF87F /* Debug */ = {
			isa = XCBuildConfiguration;
			buildSettings = {
				ASSETCATALOG_COMPILER_APPICON_NAME = AppIcon;
				ASSETCATALOG_COMPILER_GLOBAL_ACCENT_COLOR_NAME = AccentColor;
				CODE_SIGN_STYLE = Automatic;
				CURRENT_PROJECT_VERSION = 1;
				DEVELOPMENT_ASSET_PATHS = "\"Sample/Preview Content\"";
				DEVELOPMENT_TEAM = TJ6DC6A4BU;
				ENABLE_PREVIEWS = YES;
				GENERATE_INFOPLIST_FILE = YES;
				INFOPLIST_KEY_UIApplicationSceneManifest_Generation = YES;
				INFOPLIST_KEY_UIApplicationSupportsIndirectInputEvents = YES;
				INFOPLIST_KEY_UILaunchScreen_Generation = YES;
				INFOPLIST_KEY_UISupportedInterfaceOrientations_iPad = "UIInterfaceOrientationPortrait UIInterfaceOrientationPortraitUpsideDown UIInterfaceOrientationLandscapeLeft UIInterfaceOrientationLandscapeRight";
				INFOPLIST_KEY_UISupportedInterfaceOrientations_iPhone = "UIInterfaceOrientationPortrait UIInterfaceOrientationLandscapeLeft UIInterfaceOrientationLandscapeRight";
				LD_RUNPATH_SEARCH_PATHS = (
					"$(inherited)",
					"@executable_path/Frameworks",
				);
				MARKETING_VERSION = 1.0;
				PRODUCT_BUNDLE_IDENTIFIER = Steven.Sample;
				PRODUCT_NAME = "$(TARGET_NAME)";
				SWIFT_EMIT_LOC_STRINGS = YES;
				SWIFT_VERSION = 5.0;
				TARGETED_DEVICE_FAMILY = "1,2";
			};
			name = Debug;
		};
		DF67CC2329927B0600BAF87F /* Release */ = {
			isa = XCBuildConfiguration;
			buildSettings = {
				ASSETCATALOG_COMPILER_APPICON_NAME = AppIcon;
				ASSETCATALOG_COMPILER_GLOBAL_ACCENT_COLOR_NAME = AccentColor;
				CODE_SIGN_STYLE = Automatic;
				CURRENT_PROJECT_VERSION = 1;
				DEVELOPMENT_ASSET_PATHS = "\"Sample/Preview Content\"";
				DEVELOPMENT_TEAM = TJ6DC6A4BU;
				ENABLE_PREVIEWS = YES;
				GENERATE_INFOPLIST_FILE = YES;
				INFOPLIST_KEY_UIApplicationSceneManifest_Generation = YES;
				INFOPLIST_KEY_UIApplicationSupportsIndirectInputEvents = YES;
				INFOPLIST_KEY_UILaunchScreen_Generation = YES;
				INFOPLIST_KEY_UISupportedInterfaceOrientations_iPad = "UIInterfaceOrientationPortrait UIInterfaceOrientationPortraitUpsideDown UIInterfaceOrientationLandscapeLeft UIInterfaceOrientationLandscapeRight";
				INFOPLIST_KEY_UISupportedInterfaceOrientations_iPhone = "UIInterfaceOrientationPortrait UIInterfaceOrientationLandscapeLeft UIInterfaceOrientationLandscapeRight";
				LD_RUNPATH_SEARCH_PATHS = (
					"$(inherited)",
					"@executable_path/Frameworks",
				);
				MARKETING_VERSION = 1.0;
				PRODUCT_BUNDLE_IDENTIFIER = Steven.Sample;
				PRODUCT_NAME = "$(TARGET_NAME)";
				SWIFT_EMIT_LOC_STRINGS = YES;
				SWIFT_VERSION = 5.0;
				TARGETED_DEVICE_FAMILY = "1,2";
			};
			name = Release;
		};
		DF67CC2529927B0600BAF87F /* Debug */ = {
			isa = XCBuildConfiguration;
			buildSettings = {
				ALWAYS_EMBED_SWIFT_STANDARD_LIBRARIES = YES;
				BUNDLE_LOADER = "$(TEST_HOST)";
				CODE_SIGN_STYLE = Automatic;
				CURRENT_PROJECT_VERSION = 1;
				DEVELOPMENT_TEAM = TJ6DC6A4BU;
				GENERATE_INFOPLIST_FILE = YES;
				IPHONEOS_DEPLOYMENT_TARGET = 15.5;
				MARKETING_VERSION = 1.0;
				PRODUCT_BUNDLE_IDENTIFIER = Steven.SampleTests;
				PRODUCT_NAME = "$(TARGET_NAME)";
				SWIFT_EMIT_LOC_STRINGS = NO;
				SWIFT_VERSION = 5.0;
				TARGETED_DEVICE_FAMILY = "1,2";
				TEST_HOST = "$(BUILT_PRODUCTS_DIR)/Sample.app/Sample";
			};
			name = Debug;
		};
		DF67CC2629927B0600BAF87F /* Release */ = {
			isa = XCBuildConfiguration;
			buildSettings = {
				ALWAYS_EMBED_SWIFT_STANDARD_LIBRARIES = YES;
				BUNDLE_LOADER = "$(TEST_HOST)";
				CODE_SIGN_STYLE = Automatic;
				CURRENT_PROJECT_VERSION = 1;
				DEVELOPMENT_TEAM = TJ6DC6A4BU;
				GENERATE_INFOPLIST_FILE = YES;
				IPHONEOS_DEPLOYMENT_TARGET = 15.5;
				MARKETING_VERSION = 1.0;
				PRODUCT_BUNDLE_IDENTIFIER = Steven.SampleTests;
				PRODUCT_NAME = "$(TARGET_NAME)";
				SWIFT_EMIT_LOC_STRINGS = NO;
				SWIFT_VERSION = 5.0;
				TARGETED_DEVICE_FAMILY = "1,2";
				TEST_HOST = "$(BUILT_PRODUCTS_DIR)/Sample.app/Sample";
			};
			name = Release;
		};
		DF67CC2829927B0600BAF87F /* Debug */ = {
			isa = XCBuildConfiguration;
			buildSettings = {
				ALWAYS_EMBED_SWIFT_STANDARD_LIBRARIES = YES;
				CODE_SIGN_STYLE = Automatic;
				CURRENT_PROJECT_VERSION = 1;
				DEVELOPMENT_TEAM = TJ6DC6A4BU;
				GENERATE_INFOPLIST_FILE = YES;
				MARKETING_VERSION = 1.0;
				PRODUCT_BUNDLE_IDENTIFIER = Steven.SampleUITests;
				PRODUCT_NAME = "$(TARGET_NAME)";
				SWIFT_EMIT_LOC_STRINGS = NO;
				SWIFT_VERSION = 5.0;
				TARGETED_DEVICE_FAMILY = "1,2";
				TEST_TARGET_NAME = Sample;
			};
			name = Debug;
		};
		DF67CC2929927B0600BAF87F /* Release */ = {
			isa = XCBuildConfiguration;
			buildSettings = {
				ALWAYS_EMBED_SWIFT_STANDARD_LIBRARIES = YES;
				CODE_SIGN_STYLE = Automatic;
				CURRENT_PROJECT_VERSION = 1;
				DEVELOPMENT_TEAM = TJ6DC6A4BU;
				GENERATE_INFOPLIST_FILE = YES;
				MARKETING_VERSION = 1.0;
				PRODUCT_BUNDLE_IDENTIFIER = Steven.SampleUITests;
				PRODUCT_NAME = "$(TARGET_NAME)";
				SWIFT_EMIT_LOC_STRINGS = NO;
				SWIFT_VERSION = 5.0;
				TARGETED_DEVICE_FAMILY = "1,2";
				TEST_TARGET_NAME = Sample;
			};
			name = Release;
		};
/* End XCBuildConfiguration section */

/* Begin XCConfigurationList section */
		DF67CBF829927B0300BAF87F /* Build configuration list for PBXProject "Sample" */ = {
			isa = XCConfigurationList;
			buildConfigurations = (
				DF67CC1F29927B0600BAF87F /* Debug */,
				DF67CC2029927B0600BAF87F /* Release */,
			);
			defaultConfigurationIsVisible = 0;
			defaultConfigurationName = Release;
		};
		DF67CC2129927B0600BAF87F /* Build configuration list for PBXNativeTarget "Sample" */ = {
			isa = XCConfigurationList;
			buildConfigurations = (
				DF67CC2229927B0600BAF87F /* Debug */,
				DF67CC2329927B0600BAF87F /* Release */,
			);
			defaultConfigurationIsVisible = 0;
			defaultConfigurationName = Release;
		};
		DF67CC2429927B0600BAF87F /* Build configuration list for PBXNativeTarget "SampleTests" */ = {
			isa = XCConfigurationList;
			buildConfigurations = (
				DF67CC2529927B0600BAF87F /* Debug */,
				DF67CC2629927B0600BAF87F /* Release */,
			);
			defaultConfigurationIsVisible = 0;
			defaultConfigurationName = Release;
		};
		DF67CC2729927B0600BAF87F /* Build configuration list for PBXNativeTarget "SampleUITests" */ = {
			isa = XCConfigurationList;
			buildConfigurations = (
				DF67CC2829927B0600BAF87F /* Debug */,
				DF67CC2929927B0600BAF87F /* Release */,
			);
			defaultConfigurationIsVisible = 0;
			defaultConfigurationName = Release;
		};
/* End XCConfigurationList section */
	};
	rootObject = DF67CBF529927B0300BAF87F /* Project object */;
}
